{
  "name": "cool-font",
  "version": "1.0.0",
  "lockfileVersion": 3,
  "requires": true,
  "packages": {
    "": {
      "name": "cool-font",
      "version": "1.0.0",
      "license": "ISC",
      "dependencies": {
        "array-lib": "file:../array-lib",
        "lib": "file:../array-lib"
      },
      "devDependencies": {}
    },
    "../array-lib": {
      "version": "1.0.0",
      "license": "ISC"
    },
    "../lib": {
      "version": "1.0.0",
      "extraneous": true,
      "license": "ISC"
    },
    "node_modules/array-lib": {
      "resolved": "../array-lib",
      "link": true
    },
    "node_modules/lib": {
      "resolved": "../array-lib",
      "link": true
    }
  }
}
