{
  "name": "cool-font",
  "lockfileVersion": 3,
  "requires": true,
  "packages": {
    "": {
      "dependencies": {
        "lib": "file:../lib"
      }
    },
    "../lib": {
      "version": "1.0.0",
      "license": "ISC"
    },
    "node_modules/lib": {
      "resolved": "../lib",
      "link": true
    }
  }
}
